// !$*UTF8*$!
{
	archiveVersion = 1;
	classes = {
	};
	objectVersion = 46;
	objects = {

/* Begin PBXBuildFile section */
		D40586FD1E174E77007B815F /* StaticAvatarCell.m in Sources */ = {isa = PBXBuildFile; fileRef = D40586FC1E174E77007B815F /* StaticAvatarCell.m */; };
		D412C76E1E16887600E254EC /* StaticInputPhoneVerCodeCell.m in Sources */ = {isa = PBXBuildFile; fileRef = D412C76B1E16887600E254EC /* StaticInputPhoneVerCodeCell.m */; };
		D412C76F1E16887600E254EC /* StaticRectButtonCell.m in Sources */ = {isa = PBXBuildFile; fileRef = D412C76D1E16887600E254EC /* StaticRectButtonCell.m */; };
		D4F2FCE91DA76C6400A5B587 /* main.m in Sources */ = {isa = PBXBuildFile; fileRef = D4F2FCE81DA76C6400A5B587 /* main.m */; };
		D4F2FCEC1DA76C6400A5B587 /* AppDelegate.m in Sources */ = {isa = PBXBuildFile; fileRef = D4F2FCEB1DA76C6400A5B587 /* AppDelegate.m */; };
		D4F2FCEF1DA76C6400A5B587 /* ViewController.m in Sources */ = {isa = PBXBuildFile; fileRef = D4F2FCEE1DA76C6400A5B587 /* ViewController.m */; };
		D4F2FCF21DA76C6400A5B587 /* Main.storyboard in Resources */ = {isa = PBXBuildFile; fileRef = D4F2FCF01DA76C6400A5B587 /* Main.storyboard */; };
		D4F2FCF41DA76C6400A5B587 /* Assets.xcassets in Resources */ = {isa = PBXBuildFile; fileRef = D4F2FCF31DA76C6400A5B587 /* Assets.xcassets */; };
		D4F2FCF71DA76C6400A5B587 /* LaunchScreen.storyboard in Resources */ = {isa = PBXBuildFile; fileRef = D4F2FCF51DA76C6400A5B587 /* LaunchScreen.storyboard */; };
		D4F2FD781DA76D5C00A5B587 /* NibTableViewCell.m in Sources */ = {isa = PBXBuildFile; fileRef = D4F2FD431DA76D5C00A5B587 /* NibTableViewCell.m */; };
		D4F2FD791DA76D5C00A5B587 /* NibTableViewCell.xib in Resources */ = {isa = PBXBuildFile; fileRef = D4F2FD441DA76D5C00A5B587 /* NibTableViewCell.xib */; };
		D4F2FD7A1DA76D5C00A5B587 /* StaticButtonCell.m in Sources */ = {isa = PBXBuildFile; fileRef = D4F2FD481DA76D5C00A5B587 /* StaticButtonCell.m */; };
		D4F2FD7B1DA76D5C00A5B587 /* StaticCheckCell.m in Sources */ = {isa = PBXBuildFile; fileRef = D4F2FD4A1DA76D5C00A5B587 /* StaticCheckCell.m */; };
		D4F2FD7C1DA76D5C00A5B587 /* StaticCitySelectCell.m in Sources */ = {isa = PBXBuildFile; fileRef = D4F2FD4C1DA76D5C00A5B587 /* StaticCitySelectCell.m */; };
		D4F2FD7D1DA76D5C00A5B587 /* StaticDescribeCell.m in Sources */ = {isa = PBXBuildFile; fileRef = D4F2FD4E1DA76D5C00A5B587 /* StaticDescribeCell.m */; };
		D4F2FD7E1DA76D5C00A5B587 /* StaticEmptyCell.m in Sources */ = {isa = PBXBuildFile; fileRef = D4F2FD501DA76D5C00A5B587 /* StaticEmptyCell.m */; };
		D4F2FD7F1DA76D5C00A5B587 /* StaticInputFieldCell.m in Sources */ = {isa = PBXBuildFile; fileRef = D4F2FD521DA76D5C00A5B587 /* StaticInputFieldCell.m */; };
		D4F2FD801DA76D5C00A5B587 /* StaticRightTextCell.m in Sources */ = {isa = PBXBuildFile; fileRef = D4F2FD541DA76D5C00A5B587 /* StaticRightTextCell.m */; };
		D4F2FD811DA76D5C00A5B587 /* StaticRightTextInputCell.m in Sources */ = {isa = PBXBuildFile; fileRef = D4F2FD561DA76D5C00A5B587 /* StaticRightTextInputCell.m */; };
		D4F2FD821DA76D5C00A5B587 /* StaticRightTextSelectCell.m in Sources */ = {isa = PBXBuildFile; fileRef = D4F2FD581DA76D5C00A5B587 /* StaticRightTextSelectCell.m */; };
		D4F2FD831DA76D5C00A5B587 /* StaticSwitchCell.m in Sources */ = {isa = PBXBuildFile; fileRef = D4F2FD5A1DA76D5C00A5B587 /* StaticSwitchCell.m */; };
		D4F2FD841DA76D5C00A5B587 /* area.plist in Resources */ = {isa = PBXBuildFile; fileRef = D4F2FD5C1DA76D5C00A5B587 /* area.plist */; };
		D4F2FD851DA76D5C00A5B587 /* CitySelectController.m in Sources */ = {isa = PBXBuildFile; fileRef = D4F2FD5E1DA76D5C00A5B587 /* CitySelectController.m */; };
		D4F2FD861DA76D5C00A5B587 /* InputTextController.m in Sources */ = {isa = PBXBuildFile; fileRef = D4F2FD601DA76D5C00A5B587 /* InputTextController.m */; };
		D4F2FD871DA76D5C00A5B587 /* SingleSelectController.m in Sources */ = {isa = PBXBuildFile; fileRef = D4F2FD621DA76D5C00A5B587 /* SingleSelectController.m */; };
		D4F2FD881DA76D5C00A5B587 /* StaticBaseCell.m in Sources */ = {isa = PBXBuildFile; fileRef = D4F2FD651DA76D5C00A5B587 /* StaticBaseCell.m */; };
		D4F2FD891DA76D5C00A5B587 /* StaticTableController.m in Sources */ = {isa = PBXBuildFile; fileRef = D4F2FD671DA76D5C00A5B587 /* StaticTableController.m */; };
		D4F2FD8A1DA76D5C00A5B587 /* StaticTableViewBuilder.m in Sources */ = {isa = PBXBuildFile; fileRef = D4F2FD691DA76D5C00A5B587 /* StaticTableViewBuilder.m */; };
		D4F2FD8B1DA76D5C00A5B587 /* StaticTableViewDelegate.m in Sources */ = {isa = PBXBuildFile; fileRef = D4F2FD6B1DA76D5C00A5B587 /* StaticTableViewDelegate.m */; };
		D4F2FD8C1DA76D5C00A5B587 /* StaticTableViewSection.m in Sources */ = {isa = PBXBuildFile; fileRef = D4F2FD6D1DA76D5C00A5B587 /* StaticTableViewSection.m */; };
		D4F2FD8D1DA76D5C00A5B587 /* StaticTable_KeyboardManager.m in Sources */ = {isa = PBXBuildFile; fileRef = D4F2FD711DA76D5C00A5B587 /* StaticTable_KeyboardManager.m */; };
		D4F2FD8E1DA76D5C00A5B587 /* StaticTableUtils.m in Sources */ = {isa = PBXBuildFile; fileRef = D4F2FD731DA76D5C00A5B587 /* StaticTableUtils.m */; };
		D4F2FD8F1DA76D5C00A5B587 /* testFlowCell.m in Sources */ = {isa = PBXBuildFile; fileRef = D4F2FD751DA76D5C00A5B587 /* testFlowCell.m */; };
		D4F2FD901DA76D5C00A5B587 /* TestFlowViewController.m in Sources */ = {isa = PBXBuildFile; fileRef = D4F2FD771DA76D5C00A5B587 /* TestFlowViewController.m */; };
/* End PBXBuildFile section */

/* Begin PBXFileReference section */
		D40586FB1E174E77007B815F /* StaticAvatarCell.h */ = {isa = PBXFileReference; fileEncoding = 4; lastKnownFileType = sourcecode.c.h; path = StaticAvatarCell.h; sourceTree = "<group>"; };
		D40586FC1E174E77007B815F /* StaticAvatarCell.m */ = {isa = PBXFileReference; fileEncoding = 4; lastKnownFileType = sourcecode.c.objc; path = StaticAvatarCell.m; sourceTree = "<group>"; };
		D412C76A1E16887600E254EC /* StaticInputPhoneVerCodeCell.h */ = {isa = PBXFileReference; fileEncoding = 4; lastKnownFileType = sourcecode.c.h; path = StaticInputPhoneVerCodeCell.h; sourceTree = "<group>"; };
		D412C76B1E16887600E254EC /* StaticInputPhoneVerCodeCell.m */ = {isa = PBXFileReference; fileEncoding = 4; lastKnownFileType = sourcecode.c.objc; path = StaticInputPhoneVerCodeCell.m; sourceTree = "<group>"; };
		D412C76C1E16887600E254EC /* StaticRectButtonCell.h */ = {isa = PBXFileReference; fileEncoding = 4; lastKnownFileType = sourcecode.c.h; path = StaticRectButtonCell.h; sourceTree = "<group>"; };
		D412C76D1E16887600E254EC /* StaticRectButtonCell.m */ = {isa = PBXFileReference; fileEncoding = 4; lastKnownFileType = sourcecode.c.objc; path = StaticRectButtonCell.m; sourceTree = "<group>"; };
		D4F2FCE41DA76C6400A5B587 /* StaticTable_OC.app */ = {isa = PBXFileReference; explicitFileType = wrapper.application; includeInIndex = 0; path = StaticTable_OC.app; sourceTree = BUILT_PRODUCTS_DIR; };
		D4F2FCE81DA76C6400A5B587 /* main.m */ = {isa = PBXFileReference; lastKnownFileType = sourcecode.c.objc; path = main.m; sourceTree = "<group>"; };
		D4F2FCEA1DA76C6400A5B587 /* AppDelegate.h */ = {isa = PBXFileReference; lastKnownFileType = sourcecode.c.h; path = AppDelegate.h; sourceTree = "<group>"; };
		D4F2FCEB1DA76C6400A5B587 /* AppDelegate.m */ = {isa = PBXFileReference; lastKnownFileType = sourcecode.c.objc; path = AppDelegate.m; sourceTree = "<group>"; };
		D4F2FCED1DA76C6400A5B587 /* ViewController.h */ = {isa = PBXFileReference; lastKnownFileType = sourcecode.c.h; path = ViewController.h; sourceTree = "<group>"; };
		D4F2FCEE1DA76C6400A5B587 /* ViewController.m */ = {isa = PBXFileReference; lastKnownFileType = sourcecode.c.objc; path = ViewController.m; sourceTree = "<group>"; };
		D4F2FCF11DA76C6400A5B587 /* Base */ = {isa = PBXFileReference; lastKnownFileType = file.storyboard; name = Base; path = Base.lproj/Main.storyboard; sourceTree = "<group>"; };
		D4F2FCF31DA76C6400A5B587 /* Assets.xcassets */ = {isa = PBXFileReference; lastKnownFileType = folder.assetcatalog; path = Assets.xcassets; sourceTree = "<group>"; };
		D4F2FCF61DA76C6400A5B587 /* Base */ = {isa = PBXFileReference; lastKnownFileType = file.storyboard; name = Base; path = Base.lproj/LaunchScreen.storyboard; sourceTree = "<group>"; };
		D4F2FCF81DA76C6400A5B587 /* Info.plist */ = {isa = PBXFileReference; lastKnownFileType = text.plist.xml; path = Info.plist; sourceTree = "<group>"; };
		D4F2FD421DA76D5C00A5B587 /* NibTableViewCell.h */ = {isa = PBXFileReference; fileEncoding = 4; lastKnownFileType = sourcecode.c.h; path = NibTableViewCell.h; sourceTree = "<group>"; };
		D4F2FD431DA76D5C00A5B587 /* NibTableViewCell.m */ = {isa = PBXFileReference; fileEncoding = 4; lastKnownFileType = sourcecode.c.objc; path = NibTableViewCell.m; sourceTree = "<group>"; };
		D4F2FD441DA76D5C00A5B587 /* NibTableViewCell.xib */ = {isa = PBXFileReference; fileEncoding = 4; lastKnownFileType = file.xib; path = NibTableViewCell.xib; sourceTree = "<group>"; };
		D4F2FD471DA76D5C00A5B587 /* StaticButtonCell.h */ = {isa = PBXFileReference; fileEncoding = 4; lastKnownFileType = sourcecode.c.h; path = StaticButtonCell.h; sourceTree = "<group>"; };
		D4F2FD481DA76D5C00A5B587 /* StaticButtonCell.m */ = {isa = PBXFileReference; fileEncoding = 4; lastKnownFileType = sourcecode.c.objc; path = StaticButtonCell.m; sourceTree = "<group>"; };
		D4F2FD491DA76D5C00A5B587 /* StaticCheckCell.h */ = {isa = PBXFileReference; fileEncoding = 4; lastKnownFileType = sourcecode.c.h; path = StaticCheckCell.h; sourceTree = "<group>"; };
		D4F2FD4A1DA76D5C00A5B587 /* StaticCheckCell.m */ = {isa = PBXFileReference; fileEncoding = 4; lastKnownFileType = sourcecode.c.objc; path = StaticCheckCell.m; sourceTree = "<group>"; };
		D4F2FD4B1DA76D5C00A5B587 /* StaticCitySelectCell.h */ = {isa = PBXFileReference; fileEncoding = 4; lastKnownFileType = sourcecode.c.h; path = StaticCitySelectCell.h; sourceTree = "<group>"; };
		D4F2FD4C1DA76D5C00A5B587 /* StaticCitySelectCell.m */ = {isa = PBXFileReference; fileEncoding = 4; lastKnownFileType = sourcecode.c.objc; path = StaticCitySelectCell.m; sourceTree = "<group>"; };
		D4F2FD4D1DA76D5C00A5B587 /* StaticDescribeCell.h */ = {isa = PBXFileReference; fileEncoding = 4; lastKnownFileType = sourcecode.c.h; path = StaticDescribeCell.h; sourceTree = "<group>"; };
		D4F2FD4E1DA76D5C00A5B587 /* StaticDescribeCell.m */ = {isa = PBXFileReference; fileEncoding = 4; lastKnownFileType = sourcecode.c.objc; path = StaticDescribeCell.m; sourceTree = "<group>"; };
		D4F2FD4F1DA76D5C00A5B587 /* StaticEmptyCell.h */ = {isa = PBXFileReference; fileEncoding = 4; lastKnownFileType = sourcecode.c.h; path = StaticEmptyCell.h; sourceTree = "<group>"; };
		D4F2FD501DA76D5C00A5B587 /* StaticEmptyCell.m */ = {isa = PBXFileReference; fileEncoding = 4; lastKnownFileType = sourcecode.c.objc; path = StaticEmptyCell.m; sourceTree = "<group>"; };
		D4F2FD511DA76D5C00A5B587 /* StaticInputFieldCell.h */ = {isa = PBXFileReference; fileEncoding = 4; lastKnownFileType = sourcecode.c.h; path = StaticInputFieldCell.h; sourceTree = "<group>"; };
		D4F2FD521DA76D5C00A5B587 /* StaticInputFieldCell.m */ = {isa = PBXFileReference; fileEncoding = 4; lastKnownFileType = sourcecode.c.objc; path = StaticInputFieldCell.m; sourceTree = "<group>"; };
		D4F2FD531DA76D5C00A5B587 /* StaticRightTextCell.h */ = {isa = PBXFileReference; fileEncoding = 4; lastKnownFileType = sourcecode.c.h; path = StaticRightTextCell.h; sourceTree = "<group>"; };
		D4F2FD541DA76D5C00A5B587 /* StaticRightTextCell.m */ = {isa = PBXFileReference; fileEncoding = 4; lastKnownFileType = sourcecode.c.objc; path = StaticRightTextCell.m; sourceTree = "<group>"; };
		D4F2FD551DA76D5C00A5B587 /* StaticRightTextInputCell.h */ = {isa = PBXFileReference; fileEncoding = 4; lastKnownFileType = sourcecode.c.h; path = StaticRightTextInputCell.h; sourceTree = "<group>"; };
		D4F2FD561DA76D5C00A5B587 /* StaticRightTextInputCell.m */ = {isa = PBXFileReference; fileEncoding = 4; lastKnownFileType = sourcecode.c.objc; path = StaticRightTextInputCell.m; sourceTree = "<group>"; };
		D4F2FD571DA76D5C00A5B587 /* StaticRightTextSelectCell.h */ = {isa = PBXFileReference; fileEncoding = 4; lastKnownFileType = sourcecode.c.h; path = StaticRightTextSelectCell.h; sourceTree = "<group>"; };
		D4F2FD581DA76D5C00A5B587 /* StaticRightTextSelectCell.m */ = {isa = PBXFileReference; fileEncoding = 4; lastKnownFileType = sourcecode.c.objc; path = StaticRightTextSelectCell.m; sourceTree = "<group>"; };
		D4F2FD591DA76D5C00A5B587 /* StaticSwitchCell.h */ = {isa = PBXFileReference; fileEncoding = 4; lastKnownFileType = sourcecode.c.h; path = StaticSwitchCell.h; sourceTree = "<group>"; };
		D4F2FD5A1DA76D5C00A5B587 /* StaticSwitchCell.m */ = {isa = PBXFileReference; fileEncoding = 4; lastKnownFileType = sourcecode.c.objc; path = StaticSwitchCell.m; sourceTree = "<group>"; };
		D4F2FD5C1DA76D5C00A5B587 /* area.plist */ = {isa = PBXFileReference; fileEncoding = 4; lastKnownFileType = text.plist.xml; path = area.plist; sourceTree = "<group>"; };
		D4F2FD5D1DA76D5C00A5B587 /* CitySelectController.h */ = {isa = PBXFileReference; fileEncoding = 4; lastKnownFileType = sourcecode.c.h; path = CitySelectController.h; sourceTree = "<group>"; };
		D4F2FD5E1DA76D5C00A5B587 /* CitySelectController.m */ = {isa = PBXFileReference; fileEncoding = 4; lastKnownFileType = sourcecode.c.objc; path = CitySelectController.m; sourceTree = "<group>"; };
		D4F2FD5F1DA76D5C00A5B587 /* InputTextController.h */ = {isa = PBXFileReference; fileEncoding = 4; lastKnownFileType = sourcecode.c.h; path = InputTextController.h; sourceTree = "<group>"; };
		D4F2FD601DA76D5C00A5B587 /* InputTextController.m */ = {isa = PBXFileReference; fileEncoding = 4; lastKnownFileType = sourcecode.c.objc; path = InputTextController.m; sourceTree = "<group>"; };
		D4F2FD611DA76D5C00A5B587 /* SingleSelectController.h */ = {isa = PBXFileReference; fileEncoding = 4; lastKnownFileType = sourcecode.c.h; path = SingleSelectController.h; sourceTree = "<group>"; };
		D4F2FD621DA76D5C00A5B587 /* SingleSelectController.m */ = {isa = PBXFileReference; fileEncoding = 4; lastKnownFileType = sourcecode.c.objc; path = SingleSelectController.m; sourceTree = "<group>"; };
		D4F2FD641DA76D5C00A5B587 /* StaticBaseCell.h */ = {isa = PBXFileReference; fileEncoding = 4; lastKnownFileType = sourcecode.c.h; path = StaticBaseCell.h; sourceTree = "<group>"; };
		D4F2FD651DA76D5C00A5B587 /* StaticBaseCell.m */ = {isa = PBXFileReference; fileEncoding = 4; lastKnownFileType = sourcecode.c.objc; path = StaticBaseCell.m; sourceTree = "<group>"; };
		D4F2FD661DA76D5C00A5B587 /* StaticTableController.h */ = {isa = PBXFileReference; fileEncoding = 4; lastKnownFileType = sourcecode.c.h; path = StaticTableController.h; sourceTree = "<group>"; };
		D4F2FD671DA76D5C00A5B587 /* StaticTableController.m */ = {isa = PBXFileReference; fileEncoding = 4; lastKnownFileType = sourcecode.c.objc; path = StaticTableController.m; sourceTree = "<group>"; };
		D4F2FD681DA76D5C00A5B587 /* StaticTableViewBuilder.h */ = {isa = PBXFileReference; fileEncoding = 4; lastKnownFileType = sourcecode.c.h; path = StaticTableViewBuilder.h; sourceTree = "<group>"; };
		D4F2FD691DA76D5C00A5B587 /* StaticTableViewBuilder.m */ = {isa = PBXFileReference; fileEncoding = 4; lastKnownFileType = sourcecode.c.objc; path = StaticTableViewBuilder.m; sourceTree = "<group>"; };
		D4F2FD6A1DA76D5C00A5B587 /* StaticTableViewDelegate.h */ = {isa = PBXFileReference; fileEncoding = 4; lastKnownFileType = sourcecode.c.h; path = StaticTableViewDelegate.h; sourceTree = "<group>"; };
		D4F2FD6B1DA76D5C00A5B587 /* StaticTableViewDelegate.m */ = {isa = PBXFileReference; fileEncoding = 4; lastKnownFileType = sourcecode.c.objc; path = StaticTableViewDelegate.m; sourceTree = "<group>"; };
		D4F2FD6C1DA76D5C00A5B587 /* StaticTableViewSection.h */ = {isa = PBXFileReference; fileEncoding = 4; lastKnownFileType = sourcecode.c.h; path = StaticTableViewSection.h; sourceTree = "<group>"; };
		D4F2FD6D1DA76D5C00A5B587 /* StaticTableViewSection.m */ = {isa = PBXFileReference; fileEncoding = 4; lastKnownFileType = sourcecode.c.objc; path = StaticTableViewSection.m; sourceTree = "<group>"; };
		D4F2FD701DA76D5C00A5B587 /* StaticTable_KeyboardManager.h */ = {isa = PBXFileReference; fileEncoding = 4; lastKnownFileType = sourcecode.c.h; path = StaticTable_KeyboardManager.h; sourceTree = "<group>"; };
		D4F2FD711DA76D5C00A5B587 /* StaticTable_KeyboardManager.m */ = {isa = PBXFileReference; fileEncoding = 4; lastKnownFileType = sourcecode.c.objc; path = StaticTable_KeyboardManager.m; sourceTree = "<group>"; };
		D4F2FD721DA76D5C00A5B587 /* StaticTableUtils.h */ = {isa = PBXFileReference; fileEncoding = 4; lastKnownFileType = sourcecode.c.h; path = StaticTableUtils.h; sourceTree = "<group>"; };
		D4F2FD731DA76D5C00A5B587 /* StaticTableUtils.m */ = {isa = PBXFileReference; fileEncoding = 4; lastKnownFileType = sourcecode.c.objc; path = StaticTableUtils.m; sourceTree = "<group>"; };
		D4F2FD741DA76D5C00A5B587 /* testFlowCell.h */ = {isa = PBXFileReference; fileEncoding = 4; lastKnownFileType = sourcecode.c.h; path = testFlowCell.h; sourceTree = "<group>"; };
		D4F2FD751DA76D5C00A5B587 /* testFlowCell.m */ = {isa = PBXFileReference; fileEncoding = 4; lastKnownFileType = sourcecode.c.objc; path = testFlowCell.m; sourceTree = "<group>"; };
		D4F2FD761DA76D5C00A5B587 /* TestFlowViewController.h */ = {isa = PBXFileReference; fileEncoding = 4; lastKnownFileType = sourcecode.c.h; path = TestFlowViewController.h; sourceTree = "<group>"; };
		D4F2FD771DA76D5C00A5B587 /* TestFlowViewController.m */ = {isa = PBXFileReference; fileEncoding = 4; lastKnownFileType = sourcecode.c.objc; path = TestFlowViewController.m; sourceTree = "<group>"; };
/* End PBXFileReference section */

/* Begin PBXFrameworksBuildPhase section */
		D4F2FCE11DA76C6400A5B587 /* Frameworks */ = {
			isa = PBXFrameworksBuildPhase;
			buildActionMask = 2147483647;
			files = (
			);
			runOnlyForDeploymentPostprocessing = 0;
		};
/* End PBXFrameworksBuildPhase section */

/* Begin PBXGroup section */
		D4F2FCDB1DA76C6400A5B587 = {
			isa = PBXGroup;
			children = (
				D4F2FCE61DA76C6400A5B587 /* StaticTable_OC */,
				D4F2FCE51DA76C6400A5B587 /* Products */,
			);
			sourceTree = "<group>";
		};
		D4F2FCE51DA76C6400A5B587 /* Products */ = {
			isa = PBXGroup;
			children = (
				D4F2FCE41DA76C6400A5B587 /* StaticTable_OC.app */,
			);
			name = Products;
			sourceTree = "<group>";
		};
		D4F2FCE61DA76C6400A5B587 /* StaticTable_OC */ = {
			isa = PBXGroup;
			children = (
				D4F2FD421DA76D5C00A5B587 /* NibTableViewCell.h */,
				D4F2FD431DA76D5C00A5B587 /* NibTableViewCell.m */,
				D4F2FD441DA76D5C00A5B587 /* NibTableViewCell.xib */,
				D4F2FD451DA76D5C00A5B587 /* StaticTable */,
				D4F2FD741DA76D5C00A5B587 /* testFlowCell.h */,
				D4F2FD751DA76D5C00A5B587 /* testFlowCell.m */,
				D4F2FD761DA76D5C00A5B587 /* TestFlowViewController.h */,
				D4F2FD771DA76D5C00A5B587 /* TestFlowViewController.m */,
				D4F2FCEA1DA76C6400A5B587 /* AppDelegate.h */,
				D4F2FCEB1DA76C6400A5B587 /* AppDelegate.m */,
				D4F2FCED1DA76C6400A5B587 /* ViewController.h */,
				D4F2FCEE1DA76C6400A5B587 /* ViewController.m */,
				D4F2FCF01DA76C6400A5B587 /* Main.storyboard */,
				D4F2FCF31DA76C6400A5B587 /* Assets.xcassets */,
				D4F2FCF51DA76C6400A5B587 /* LaunchScreen.storyboard */,
				D4F2FCF81DA76C6400A5B587 /* Info.plist */,
				D4F2FCE71DA76C6400A5B587 /* Supporting Files */,
			);
			path = StaticTable_OC;
			sourceTree = "<group>";
		};
		D4F2FCE71DA76C6400A5B587 /* Supporting Files */ = {
			isa = PBXGroup;
			children = (
				D4F2FCE81DA76C6400A5B587 /* main.m */,
			);
			name = "Supporting Files";
			sourceTree = "<group>";
		};
		D4F2FD451DA76D5C00A5B587 /* StaticTable */ = {
			isa = PBXGroup;
			children = (
				D4F2FD461DA76D5C00A5B587 /* Cell */,
				D4F2FD5B1DA76D5C00A5B587 /* PushController */,
				D4F2FD631DA76D5C00A5B587 /* Table */,
				D4F2FD6E1DA76D5C00A5B587 /* Utils */,
			);
			path = StaticTable;
			sourceTree = "<group>";
		};
		D4F2FD461DA76D5C00A5B587 /* Cell */ = {
			isa = PBXGroup;
			children = (
				D40586FB1E174E77007B815F /* StaticAvatarCell.h */,
				D40586FC1E174E77007B815F /* StaticAvatarCell.m */,
				D412C76A1E16887600E254EC /* StaticInputPhoneVerCodeCell.h */,
				D412C76B1E16887600E254EC /* StaticInputPhoneVerCodeCell.m */,
				D412C76C1E16887600E254EC /* StaticRectButtonCell.h */,
				D412C76D1E16887600E254EC /* StaticRectButtonCell.m */,
				D4F2FD471DA76D5C00A5B587 /* StaticButtonCell.h */,
				D4F2FD481DA76D5C00A5B587 /* StaticButtonCell.m */,
				D4F2FD491DA76D5C00A5B587 /* StaticCheckCell.h */,
				D4F2FD4A1DA76D5C00A5B587 /* StaticCheckCell.m */,
				D4F2FD4B1DA76D5C00A5B587 /* StaticCitySelectCell.h */,
				D4F2FD4C1DA76D5C00A5B587 /* StaticCitySelectCell.m */,
				D4F2FD4D1DA76D5C00A5B587 /* StaticDescribeCell.h */,
				D4F2FD4E1DA76D5C00A5B587 /* StaticDescribeCell.m */,
				D4F2FD4F1DA76D5C00A5B587 /* StaticEmptyCell.h */,
				D4F2FD501DA76D5C00A5B587 /* StaticEmptyCell.m */,
				D4F2FD511DA76D5C00A5B587 /* StaticInputFieldCell.h */,
				D4F2FD521DA76D5C00A5B587 /* StaticInputFieldCell.m */,
				D4F2FD531DA76D5C00A5B587 /* StaticRightTextCell.h */,
				D4F2FD541DA76D5C00A5B587 /* StaticRightTextCell.m */,
				D4F2FD551DA76D5C00A5B587 /* StaticRightTextInputCell.h */,
				D4F2FD561DA76D5C00A5B587 /* StaticRightTextInputCell.m */,
				D4F2FD571DA76D5C00A5B587 /* StaticRightTextSelectCell.h */,
				D4F2FD581DA76D5C00A5B587 /* StaticRightTextSelectCell.m */,
				D4F2FD591DA76D5C00A5B587 /* StaticSwitchCell.h */,
				D4F2FD5A1DA76D5C00A5B587 /* StaticSwitchCell.m */,
			);
			path = Cell;
			sourceTree = "<group>";
		};
		D4F2FD5B1DA76D5C00A5B587 /* PushController */ = {
			isa = PBXGroup;
			children = (
				D4F2FD5C1DA76D5C00A5B587 /* area.plist */,
				D4F2FD5D1DA76D5C00A5B587 /* CitySelectController.h */,
				D4F2FD5E1DA76D5C00A5B587 /* CitySelectController.m */,
				D4F2FD5F1DA76D5C00A5B587 /* InputTextController.h */,
				D4F2FD601DA76D5C00A5B587 /* InputTextController.m */,
				D4F2FD611DA76D5C00A5B587 /* SingleSelectController.h */,
				D4F2FD621DA76D5C00A5B587 /* SingleSelectController.m */,
			);
			path = PushController;
			sourceTree = "<group>";
		};
		D4F2FD631DA76D5C00A5B587 /* Table */ = {
			isa = PBXGroup;
			children = (
				D4F2FD641DA76D5C00A5B587 /* StaticBaseCell.h */,
				D4F2FD651DA76D5C00A5B587 /* StaticBaseCell.m */,
				D4F2FD661DA76D5C00A5B587 /* StaticTableController.h */,
				D4F2FD671DA76D5C00A5B587 /* StaticTableController.m */,
				D4F2FD681DA76D5C00A5B587 /* StaticTableViewBuilder.h */,
				D4F2FD691DA76D5C00A5B587 /* StaticTableViewBuilder.m */,
				D4F2FD6A1DA76D5C00A5B587 /* StaticTableViewDelegate.h */,
				D4F2FD6B1DA76D5C00A5B587 /* StaticTableViewDelegate.m */,
				D4F2FD6C1DA76D5C00A5B587 /* StaticTableViewSection.h */,
				D4F2FD6D1DA76D5C00A5B587 /* StaticTableViewSection.m */,
			);
			path = Table;
			sourceTree = "<group>";
		};
		D4F2FD6E1DA76D5C00A5B587 /* Utils */ = {
			isa = PBXGroup;
			children = (
				D4F2FD6F1DA76D5C00A5B587 /* KeyboardManager */,
				D4F2FD721DA76D5C00A5B587 /* StaticTableUtils.h */,
				D4F2FD731DA76D5C00A5B587 /* StaticTableUtils.m */,
			);
			path = Utils;
			sourceTree = "<group>";
		};
		D4F2FD6F1DA76D5C00A5B587 /* KeyboardManager */ = {
			isa = PBXGroup;
			children = (
				D4F2FD701DA76D5C00A5B587 /* StaticTable_KeyboardManager.h */,
				D4F2FD711DA76D5C00A5B587 /* StaticTable_KeyboardManager.m */,
			);
			path = KeyboardManager;
			sourceTree = "<group>";
		};
/* End PBXGroup section */

/* Begin PBXNativeTarget section */
		D4F2FCE31DA76C6400A5B587 /* StaticTable_OC */ = {
			isa = PBXNativeTarget;
			buildConfigurationList = D4F2FCFB1DA76C6400A5B587 /* Build configuration list for PBXNativeTarget "StaticTable_OC" */;
			buildPhases = (
				D4F2FCE01DA76C6400A5B587 /* Sources */,
				D4F2FCE11DA76C6400A5B587 /* Frameworks */,
				D4F2FCE21DA76C6400A5B587 /* Resources */,
			);
			buildRules = (
			);
			dependencies = (
			);
			name = StaticTable_OC;
			productName = StaticTable_OC;
			productReference = D4F2FCE41DA76C6400A5B587 /* StaticTable_OC.app */;
			productType = "com.apple.product-type.application";
		};
/* End PBXNativeTarget section */

/* Begin PBXProject section */
		D4F2FCDC1DA76C6400A5B587 /* Project object */ = {
			isa = PBXProject;
			attributes = {
				LastUpgradeCheck = 0730;
				ORGANIZATIONNAME = chatchat;
				TargetAttributes = {
					D4F2FCE31DA76C6400A5B587 = {
						CreatedOnToolsVersion = 7.3;
					};
				};
			};
			buildConfigurationList = D4F2FCDF1DA76C6400A5B587 /* Build configuration list for PBXProject "StaticTable_OC" */;
			compatibilityVersion = "Xcode 3.2";
			developmentRegion = English;
			hasScannedForEncodings = 0;
			knownRegions = (
				en,
				Base,
			);
			mainGroup = D4F2FCDB1DA76C6400A5B587;
			productRefGroup = D4F2FCE51DA76C6400A5B587 /* Products */;
			projectDirPath = "";
			projectRoot = "";
			targets = (
				D4F2FCE31DA76C6400A5B587 /* StaticTable_OC */,
			);
		};
/* End PBXProject section */

/* Begin PBXResourcesBuildPhase section */
		D4F2FCE21DA76C6400A5B587 /* Resources */ = {
			isa = PBXResourcesBuildPhase;
			buildActionMask = 2147483647;
			files = (
				D4F2FCF71DA76C6400A5B587 /* LaunchScreen.storyboard in Resources */,
				D4F2FD841DA76D5C00A5B587 /* area.plist in Resources */,
				D4F2FD791DA76D5C00A5B587 /* NibTableViewCell.xib in Resources */,
				D4F2FCF41DA76C6400A5B587 /* Assets.xcassets in Resources */,
				D4F2FCF21DA76C6400A5B587 /* Main.storyboard in Resources */,
			);
			runOnlyForDeploymentPostprocessing = 0;
		};
/* End PBXResourcesBuildPhase section */

/* Begin PBXSourcesBuildPhase section */
		D4F2FCE01DA76C6400A5B587 /* Sources */ = {
			isa = PBXSourcesBuildPhase;
			buildActionMask = 2147483647;
			files = (
				D4F2FD811DA76D5C00A5B587 /* StaticRightTextInputCell.m in Sources */,
				D4F2FD8A1DA76D5C00A5B587 /* StaticTableViewBuilder.m in Sources */,
				D4F2FD801DA76D5C00A5B587 /* StaticRightTextCell.m in Sources */,
				D4F2FD7D1DA76D5C00A5B587 /* StaticDescribeCell.m in Sources */,
				D4F2FD871DA76D5C00A5B587 /* SingleSelectController.m in Sources */,
				D4F2FCEF1DA76C6400A5B587 /* ViewController.m in Sources */,
				D4F2FD781DA76D5C00A5B587 /* NibTableViewCell.m in Sources */,
				D4F2FD7B1DA76D5C00A5B587 /* StaticCheckCell.m in Sources */,
				D4F2FCEC1DA76C6400A5B587 /* AppDelegate.m in Sources */,
				D40586FD1E174E77007B815F /* StaticAvatarCell.m in Sources */,
				D4F2FD881DA76D5C00A5B587 /* StaticBaseCell.m in Sources */,
				D4F2FD8F1DA76D5C00A5B587 /* testFlowCell.m in Sources */,
				D4F2FD7F1DA76D5C00A5B587 /* StaticInputFieldCell.m in Sources */,
				D4F2FD8C1DA76D5C00A5B587 /* StaticTableViewSection.m in Sources */,
				D4F2FD8B1DA76D5C00A5B587 /* StaticTableViewDelegate.m in Sources */,
				D4F2FD891DA76D5C00A5B587 /* StaticTableController.m in Sources */,
				D4F2FD8E1DA76D5C00A5B587 /* StaticTableUtils.m in Sources */,
				D4F2FD8D1DA76D5C00A5B587 /* StaticTable_KeyboardManager.m in Sources */,
				D4F2FCE91DA76C6400A5B587 /* main.m in Sources */,
				D4F2FD861DA76D5C00A5B587 /* InputTextController.m in Sources */,
				D412C76F1E16887600E254EC /* StaticRectButtonCell.m in Sources */,
				D4F2FD851DA76D5C00A5B587 /* CitySelectController.m in Sources */,
				D4F2FD7E1DA76D5C00A5B587 /* StaticEmptyCell.m in Sources */,
				D4F2FD821DA76D5C00A5B587 /* StaticRightTextSelectCell.m in Sources */,
				D4F2FD901DA76D5C00A5B587 /* TestFlowViewController.m in Sources */,
				D4F2FD7A1DA76D5C00A5B587 /* StaticButtonCell.m in Sources */,
				D412C76E1E16887600E254EC /* StaticInputPhoneVerCodeCell.m in Sources */,
				D4F2FD7C1DA76D5C00A5B587 /* StaticCitySelectCell.m in Sources */,
				D4F2FD831DA76D5C00A5B587 /* StaticSwitchCell.m in Sources */,
			);
			runOnlyForDeploymentPostprocessing = 0;
		};
/* End PBXSourcesBuildPhase section */

/* Begin PBXVariantGroup section */
		D4F2FCF01DA76C6400A5B587 /* Main.storyboard */ = {
			isa = PBXVariantGroup;
			children = (
				D4F2FCF11DA76C6400A5B587 /* Base */,
			);
			name = Main.storyboard;
			sourceTree = "<group>";
		};
		D4F2FCF51DA76C6400A5B587 /* LaunchScreen.storyboard */ = {
			isa = PBXVariantGroup;
			children = (
				D4F2FCF61DA76C6400A5B587 /* Base */,
			);
			name = LaunchScreen.storyboard;
			sourceTree = "<group>";
		};
/* End PBXVariantGroup section */

/* Begin XCBuildConfiguration section */
		D4F2FCF91DA76C6400A5B587 /* Debug */ = {
			isa = XCBuildConfiguration;
			buildSettings = {
				ALWAYS_SEARCH_USER_PATHS = NO;
				CLANG_ANALYZER_NONNULL = YES;
				CLANG_CXX_LANGUAGE_STANDARD = "gnu++0x";
				CLANG_CXX_LIBRARY = "libc++";
				CLANG_ENABLE_MODULES = YES;
				CLANG_ENABLE_OBJC_ARC = YES;
				CLANG_WARN_BOOL_CONVERSION = YES;
				CLANG_WARN_CONSTANT_CONVERSION = YES;
				CLANG_WARN_DIRECT_OBJC_ISA_USAGE = YES_ERROR;
				CLANG_WARN_EMPTY_BODY = YES;
				CLANG_WARN_ENUM_CONVERSION = YES;
				CLANG_WARN_INT_CONVERSION = YES;
				CLANG_WARN_OBJC_ROOT_CLASS = YES_ERROR;
				CLANG_WARN_UNREACHABLE_CODE = YES;
				CLANG_WARN__DUPLICATE_METHOD_MATCH = YES;
				"CODE_SIGN_IDENTITY[sdk=iphoneos*]" = "iPhone Developer";
				COPY_PHASE_STRIP = NO;
				DEBUG_INFORMATION_FORMAT = dwarf;
				ENABLE_STRICT_OBJC_MSGSEND = YES;
				ENABLE_TESTABILITY = YES;
				GCC_C_LANGUAGE_STANDARD = gnu99;
				GCC_DYNAMIC_NO_PIC = NO;
				GCC_NO_COMMON_BLOCKS = YES;
				GCC_OPTIMIZATION_LEVEL = 0;
				GCC_PREPROCESSOR_DEFINITIONS = (
					"DEBUG=1",
					"$(inherited)",
				);
				GCC_WARN_64_TO_32_BIT_CONVERSION = YES;
				GCC_WARN_ABOUT_RETURN_TYPE = YES_ERROR;
				GCC_WARN_UNDECLARED_SELECTOR = YES;
				GCC_WARN_UNINITIALIZED_AUTOS = YES_AGGRESSIVE;
				GCC_WARN_UNUSED_FUNCTION = YES;
				GCC_WARN_UNUSED_VARIABLE = YES;
				IPHONEOS_DEPLOYMENT_TARGET = 9.3;
				MTL_ENABLE_DEBUG_INFO = YES;
				ONLY_ACTIVE_ARCH = YES;
				SDKROOT = iphoneos;
			};
			name = Debug;
		};
		D4F2FCFA1DA76C6400A5B587 /* Release */ = {
			isa = XCBuildConfiguration;
			buildSettings = {
				ALWAYS_SEARCH_USER_PATHS = NO;
				CLANG_ANALYZER_NONNULL = YES;
				CLANG_CXX_LANGUAGE_STANDARD = "gnu++0x";
				CLANG_CXX_LIBRARY = "libc++";
				CLANG_ENABLE_MODULES = YES;
				CLANG_ENABLE_OBJC_ARC = YES;
				CLANG_WARN_BOOL_CONVERSION = YES;
				CLANG_WARN_CONSTANT_CONVERSION = YES;
				CLANG_WARN_DIRECT_OBJC_ISA_USAGE = YES_ERROR;
				CLANG_WARN_EMPTY_BODY = YES;
				CLANG_WARN_ENUM_CONVERSION = YES;
				CLANG_WARN_INT_CONVERSION = YES;
				CLANG_WARN_OBJC_ROOT_CLASS = YES_ERROR;
				CLANG_WARN_UNREACHABLE_CODE = YES;
				CLANG_WARN__DUPLICATE_METHOD_MATCH = YES;
				"CODE_SIGN_IDENTITY[sdk=iphoneos*]" = "iPhone Developer";
				COPY_PHASE_STRIP = NO;
				DEBUG_INFORMATION_FORMAT = "dwarf-with-dsym";
				ENABLE_NS_ASSERTIONS = NO;
				ENABLE_STRICT_OBJC_MSGSEND = YES;
				GCC_C_LANGUAGE_STANDARD = gnu99;
				GCC_NO_COMMON_BLOCKS = YES;
				GCC_WARN_64_TO_32_BIT_CONVERSION = YES;
				GCC_WARN_ABOUT_RETURN_TYPE = YES_ERROR;
				GCC_WARN_UNDECLARED_SELECTOR = YES;
				GCC_WARN_UNINITIALIZED_AUTOS = YES_AGGRESSIVE;
				GCC_WARN_UNUSED_FUNCTION = YES;
				GCC_WARN_UNUSED_VARIABLE = YES;
				IPHONEOS_DEPLOYMENT_TARGET = 9.3;
				MTL_ENABLE_DEBUG_INFO = NO;
				SDKROOT = iphoneos;
				VALIDATE_PRODUCT = YES;
			};
			name = Release;
		};
		D4F2FCFC1DA76C6400A5B587 /* Debug */ = {
			isa = XCBuildConfiguration;
			buildSettings = {
				ASSETCATALOG_COMPILER_APPICON_NAME = AppIcon;
				INFOPLIST_FILE = StaticTable_OC/Info.plist;
				IPHONEOS_DEPLOYMENT_TARGET = 7.0;
				LD_RUNPATH_SEARCH_PATHS = "$(inherited) @executable_path/Frameworks";
				PRODUCT_BUNDLE_IDENTIFIER = "com.tanson.StaticTable-OC";
				PRODUCT_NAME = "$(TARGET_NAME)";
			};
			name = Debug;
		};
		D4F2FCFD1DA76C6400A5B587 /* Release */ = {
			isa = XCBuildConfiguration;
			buildSettings = {
				ASSETCATALOG_COMPILER_APPICON_NAME = AppIcon;
				INFOPLIST_FILE = StaticTable_OC/Info.plist;
				IPHONEOS_DEPLOYMENT_TARGET = 7.0;
				LD_RUNPATH_SEARCH_PATHS = "$(inherited) @executable_path/Frameworks";
				PRODUCT_BUNDLE_IDENTIFIER = "com.tanson.StaticTable-OC";
				PRODUCT_NAME = "$(TARGET_NAME)";
			};
			name = Release;
		};
/* End XCBuildConfiguration section */

/* Begin XCConfigurationList section */
		D4F2FCDF1DA76C6400A5B587 /* Build configuration list for PBXProject "StaticTable_OC" */ = {
			isa = XCConfigurationList;
			buildConfigurations = (
				D4F2FCF91DA76C6400A5B587 /* Debug */,
				D4F2FCFA1DA76C6400A5B587 /* Release */,
			);
			defaultConfigurationIsVisible = 0;
			defaultConfigurationName = Release;
		};
		D4F2FCFB1DA76C6400A5B587 /* Build configuration list for PBXNativeTarget "StaticTable_OC" */ = {
			isa = XCConfigurationList;
			buildConfigurations = (
				D4F2FCFC1DA76C6400A5B587 /* Debug */,
				D4F2FCFD1DA76C6400A5B587 /* Release */,
			);
			defaultConfigurationIsVisible = 0;
			defaultConfigurationName = Release;
		};
/* End XCConfigurationList section */
	};
	rootObject = D4F2FCDC1DA76C6400A5B587 /* Project object */;
}
